
Microsoft Visual Studio Solution File, Format Version 12.00
# Visual Studio Version 17
VisualStudioVersion = 17.2.32616.157
MinimumVisualStudioVersion = 10.0.40219.1
Project("{FAE04EC0-301F-11D3-BF4B-00C04F79EFBC}") = "Hackathon2022", "Hackathon2022\Hackathon2022.csproj", "{CCA28ECB-3FDD-42CE-984A-25B9C526A821}"
EndProject
Global
	GlobalSection(SolutionConfigurationPlatforms) = preSolution
		Debug|Any CPU = Debug|Any CPU
		Release|Any CPU = Release|Any CPU
	EndGlobalSection
	GlobalSection(ProjectConfigurationPlatforms) = postSolution
		{CCA28ECB-3FDD-42CE-984A-25B9C526A821}.Debug|Any CPU.ActiveCfg = Debug|Any CPU
		{CCA28ECB-3FDD-42CE-984A-25B9C526A821}.Debug|Any CPU.Build.0 = Debug|Any CPU
		{CCA28ECB-3FDD-42CE-984A-25B9C526A821}.Release|Any CPU.ActiveCfg = Release|Any CPU
		{CCA28ECB-3FDD-42CE-984A-25B9C526A821}.Release|Any CPU.Build.0 = Release|Any CPU
	EndGlobalSection
	GlobalSection(SolutionProperties) = preSolution
		HideSolutionNode = FALSE
	EndGlobalSection
	GlobalSection(ExtensibilityGlobals) = postSolution
		SolutionGuid = {17A70267-7D87-4B17-A6F0-667C45AE4730}
	EndGlobalSection
EndGlobal
